
Microsoft Visual Studio Solution File, Format Version 12.00
# Visual Studio Version 17
VisualStudioVersion = 17.1.32210.238
MinimumVisualStudioVersion = 10.0.40219.1
Project("{9A19103F-16F7-4668-BE54-9A1E7A4F7556}") = "AccountingInformationSystem", "AccountingInformationSystem\AccountingInformationSystem.csproj", "{AEEF04D1-DE28-4F82-B139-AA11178A7C6F}"
EndProject
Project("{9A19103F-16F7-4668-BE54-9A1E7A4F7556}") = "AccountingInformationSystem.Data", "AccountingInformationSystem.Data\AccountingInformationSystem.Data.csproj", "{F46A9D62-DC4E-4EE6-9FBA-E24A584DEF2A}"
EndProject
Project("{9A19103F-16F7-4668-BE54-9A1E7A4F7556}") = "AccountingInformationSystem.DI", "AccountingInformationSystem.DI\AccountingInformationSystem.DI.csproj", "{46F48943-176B-459C-8D02-CB1B037241F0}"
EndProject
Project("{9A19103F-16F7-4668-BE54-9A1E7A4F7556}") = "AccountingInformationSystem.Finances", "AccountingInformationSystem.BL.Shedule\AccountingInformationSystem.Finances.csproj", "{3A5E0DCA-9F61-4438-BCA6-0E0ABE19DA5B}"
EndProject
Project("{9A19103F-16F7-4668-BE54-9A1E7A4F7556}") = "AccountingInformationSystem.Templates", "AccountingInformationSystem.Templates\AccountingInformationSystem.Templates.csproj", "{93ACD732-4D7F-4708-9CAB-46BF51509D70}"
EndProject
Project("{9A19103F-16F7-4668-BE54-9A1E7A4F7556}") = "AccountingInformationSystem.Finances.API", "AccountingInformationSystem.Finances.API\AccountingInformationSystem.Finances.API.csproj", "{DA109576-C2F3-4897-ADFC-83208F7A62CC}"
EndProject
Project("{9A19103F-16F7-4668-BE54-9A1E7A4F7556}") = "AccountingInformationSystem.Shedules", "AccountingInformationSystem.Shedule\AccountingInformationSystem.Shedules.csproj", "{B5C438F4-433F-4254-864D-31EABDB85236}"
EndProject
Project("{FAE04EC0-301F-11D3-BF4B-00C04F79EFBC}") = "AccountingInformationSystem.Shedules.API", "AccountingInformationSystem.Shedule.API\AccountingInformationSystem.Shedules.API.csproj", "{00FDB404-D1CC-43CA-A527-85CE4F38E445}"
EndProject
Project("{FAE04EC0-301F-11D3-BF4B-00C04F79EFBC}") = "AccountingInformationSystem.Administration", "AccountingInformationSystem.Administration\AccountingInformationSystem.Administration.csproj", "{57A771EB-A0EB-40BC-8CFA-71408AF02F97}"
EndProject
Global
	GlobalSection(SolutionConfigurationPlatforms) = preSolution
		Debug|Any CPU = Debug|Any CPU
		Release|Any CPU = Release|Any CPU
	EndGlobalSection
	GlobalSection(ProjectConfigurationPlatforms) = postSolution
		{AEEF04D1-DE28-4F82-B139-AA11178A7C6F}.Debug|Any CPU.ActiveCfg = Debug|Any CPU
		{AEEF04D1-DE28-4F82-B139-AA11178A7C6F}.Debug|Any CPU.Build.0 = Debug|Any CPU
		{AEEF04D1-DE28-4F82-B139-AA11178A7C6F}.Release|Any CPU.ActiveCfg = Release|Any CPU
		{AEEF04D1-DE28-4F82-B139-AA11178A7C6F}.Release|Any CPU.Build.0 = Release|Any CPU
		{F46A9D62-DC4E-4EE6-9FBA-E24A584DEF2A}.Debug|Any CPU.ActiveCfg = Debug|Any CPU
		{F46A9D62-DC4E-4EE6-9FBA-E24A584DEF2A}.Debug|Any CPU.Build.0 = Debug|Any CPU
		{F46A9D62-DC4E-4EE6-9FBA-E24A584DEF2A}.Release|Any CPU.ActiveCfg = Release|Any CPU
		{F46A9D62-DC4E-4EE6-9FBA-E24A584DEF2A}.Release|Any CPU.Build.0 = Release|Any CPU
		{46F48943-176B-459C-8D02-CB1B037241F0}.Debug|Any CPU.ActiveCfg = Debug|Any CPU
		{46F48943-176B-459C-8D02-CB1B037241F0}.Debug|Any CPU.Build.0 = Debug|Any CPU
		{46F48943-176B-459C-8D02-CB1B037241F0}.Release|Any CPU.ActiveCfg = Release|Any CPU
		{46F48943-176B-459C-8D02-CB1B037241F0}.Release|Any CPU.Build.0 = Release|Any CPU
		{3A5E0DCA-9F61-4438-BCA6-0E0ABE19DA5B}.Debug|Any CPU.ActiveCfg = Debug|Any CPU
		{3A5E0DCA-9F61-4438-BCA6-0E0ABE19DA5B}.Debug|Any CPU.Build.0 = Debug|Any CPU
		{3A5E0DCA-9F61-4438-BCA6-0E0ABE19DA5B}.Release|Any CPU.ActiveCfg = Release|Any CPU
		{3A5E0DCA-9F61-4438-BCA6-0E0ABE19DA5B}.Release|Any CPU.Build.0 = Release|Any CPU
		{93ACD732-4D7F-4708-9CAB-46BF51509D70}.Debug|Any CPU.ActiveCfg = Debug|Any CPU
		{93ACD732-4D7F-4708-9CAB-46BF51509D70}.Debug|Any CPU.Build.0 = Debug|Any CPU
		{93ACD732-4D7F-4708-9CAB-46BF51509D70}.Release|Any CPU.ActiveCfg = Release|Any CPU
		{93ACD732-4D7F-4708-9CAB-46BF51509D70}.Release|Any CPU.Build.0 = Release|Any CPU
		{DA109576-C2F3-4897-ADFC-83208F7A62CC}.Debug|Any CPU.ActiveCfg = Debug|Any CPU
		{DA109576-C2F3-4897-ADFC-83208F7A62CC}.Debug|Any CPU.Build.0 = Debug|Any CPU
		{DA109576-C2F3-4897-ADFC-83208F7A62CC}.Release|Any CPU.ActiveCfg = Release|Any CPU
		{DA109576-C2F3-4897-ADFC-83208F7A62CC}.Release|Any CPU.Build.0 = Release|Any CPU
		{B5C438F4-433F-4254-864D-31EABDB85236}.Debug|Any CPU.ActiveCfg = Debug|Any CPU
		{B5C438F4-433F-4254-864D-31EABDB85236}.Debug|Any CPU.Build.0 = Debug|Any CPU
		{B5C438F4-433F-4254-864D-31EABDB85236}.Release|Any CPU.ActiveCfg = Release|Any CPU
		{B5C438F4-433F-4254-864D-31EABDB85236}.Release|Any CPU.Build.0 = Release|Any CPU
		{00FDB404-D1CC-43CA-A527-85CE4F38E445}.Debug|Any CPU.ActiveCfg = Debug|Any CPU
		{00FDB404-D1CC-43CA-A527-85CE4F38E445}.Debug|Any CPU.Build.0 = Debug|Any CPU
		{00FDB404-D1CC-43CA-A527-85CE4F38E445}.Release|Any CPU.ActiveCfg = Release|Any CPU
		{00FDB404-D1CC-43CA-A527-85CE4F38E445}.Release|Any CPU.Build.0 = Release|Any CPU
		{57A771EB-A0EB-40BC-8CFA-71408AF02F97}.Debug|Any CPU.ActiveCfg = Debug|Any CPU
		{57A771EB-A0EB-40BC-8CFA-71408AF02F97}.Debug|Any CPU.Build.0 = Debug|Any CPU
		{57A771EB-A0EB-40BC-8CFA-71408AF02F97}.Release|Any CPU.ActiveCfg = Release|Any CPU
		{57A771EB-A0EB-40BC-8CFA-71408AF02F97}.Release|Any CPU.Build.0 = Release|Any CPU
	EndGlobalSection
	GlobalSection(SolutionProperties) = preSolution
		HideSolutionNode = FALSE
	EndGlobalSection
	GlobalSection(ExtensibilityGlobals) = postSolution
		SolutionGuid = {38E575CC-D447-4D3D-9AC1-3DAF629553C1}
	EndGlobalSection
EndGlobal
